
Microsoft Visual Studio Solution File, Format Version 12.00
# Visual Studio Version 17
VisualStudioVersion = 17.0.31903.59
MinimumVisualStudioVersion = 10.0.40219.1
Project("{FAE04EC0-301F-11D3-BF4B-00C04F79EFBC}") = "Composition3", "Composition3\Composition3.csproj", "{271A375A-6BF4-4F2C-A118-5DA0DA7897C1}"
EndProject
Global
	GlobalSection(SolutionConfigurationPlatforms) = preSolution
		Debug|Any CPU = Debug|Any CPU
		Release|Any CPU = Release|Any CPU
	EndGlobalSection
	GlobalSection(ProjectConfigurationPlatforms) = postSolution
		{271A375A-6BF4-4F2C-A118-5DA0DA7897C1}.Debug|Any CPU.ActiveCfg = Debug|Any CPU
		{271A375A-6BF4-4F2C-A118-5DA0DA7897C1}.Debug|Any CPU.Build.0 = Debug|Any CPU
		{271A375A-6BF4-4F2C-A118-5DA0DA7897C1}.Release|Any CPU.ActiveCfg = Release|Any CPU
		{271A375A-6BF4-4F2C-A118-5DA0DA7897C1}.Release|Any CPU.Build.0 = Release|Any CPU
	EndGlobalSection
	GlobalSection(SolutionProperties) = preSolution
		HideSolutionNode = FALSE
	EndGlobalSection
	GlobalSection(ExtensibilityGlobals) = postSolution
		SolutionGuid = {8B860636-B720-4B0F-871E-1B953B2C260D}
	EndGlobalSection
EndGlobal
